
Microsoft Visual Studio Solution File, Format Version 12.00
# Visual Studio 15
VisualStudioVersion = 15.0.28010.2016
MinimumVisualStudioVersion = 10.0.40219.1
Project("{FAE04EC0-301F-11D3-BF4B-00C04F79EFBC}") = "ExtractorOnCommandLine", "ExtractorOnCommandLine\ExtractorOnCommandLine.csproj", "{03D9EED7-EE39-498D-9098-6960F021CC88}"
EndProject
Global
	GlobalSection(SolutionConfigurationPlatforms) = preSolution
		Debug|Any CPU = Debug|Any CPU
		Release|Any CPU = Release|Any CPU
	EndGlobalSection
	GlobalSection(ProjectConfigurationPlatforms) = postSolution
		{03D9EED7-EE39-498D-9098-6960F021CC88}.Debug|Any CPU.ActiveCfg = Debug|Any CPU
		{03D9EED7-EE39-498D-9098-6960F021CC88}.Debug|Any CPU.Build.0 = Debug|Any CPU
		{03D9EED7-EE39-498D-9098-6960F021CC88}.Release|Any CPU.ActiveCfg = Release|Any CPU
		{03D9EED7-EE39-498D-9098-6960F021CC88}.Release|Any CPU.Build.0 = Release|Any CPU
	EndGlobalSection
	GlobalSection(SolutionProperties) = preSolution
		HideSolutionNode = FALSE
	EndGlobalSection
	GlobalSection(ExtensibilityGlobals) = postSolution
		SolutionGuid = {BCCDAD29-CB8C-436B-B0B3-82414A4AC633}
	EndGlobalSection
EndGlobal
